# THIS IS AN AUTOGENERATED FILE. DO NOT EDIT THIS FILE DIRECTLY.
# yarn lockfile v1


"@protobufjs/aspromise@^1.1.1":
  version "1.1.2"
  resolved "https://registry.yarnpkg.com/@protobufjs/aspromise/-/aspromise-1.1.2.tgz#9b8b0cc663d669a7d8f6f5d0893a14d348f30fbf"

"@protobufjs/base64@^1.1.1":
  version "1.1.2"
  resolved "https://registry.yarnpkg.com/@protobufjs/base64/-/base64-1.1.2.tgz#4c85730e59b9a1f1f349047dbf24296034bb2735"

"@protobufjs/codegen@^1.0.8":
  version "1.0.8"
  resolved "https://registry.yarnpkg.com/@protobufjs/codegen/-/codegen-1.0.8.tgz#d29e3d48a9445d77ccbffa420379b29dc37c6d7d"

"@protobufjs/eventemitter@^1.1.0":
  version "1.1.0"
  resolved "https://registry.yarnpkg.com/@protobufjs/eventemitter/-/eventemitter-1.1.0.tgz#355cbc98bafad5978f9ed095f397621f1d066b70"

"@protobufjs/fetch@^1.1.0":
  version "1.1.0"
  resolved "https://registry.yarnpkg.com/@protobufjs/fetch/-/fetch-1.1.0.tgz#ba99fb598614af65700c1619ff06d454b0d84c45"
  dependencies:
    "@protobufjs/aspromise" "^1.1.1"
    "@protobufjs/inquire" "^1.1.0"

"@protobufjs/inquire@^1.1.0":
  version "1.1.0"
  resolved "https://registry.yarnpkg.com/@protobufjs/inquire/-/inquire-1.1.0.tgz#ff200e3e7cf2429e2dcafc1140828e8cc638f089"

"@protobufjs/path@^1.1.1":
  version "1.1.2"
  resolved "https://registry.yarnpkg.com/@protobufjs/path/-/path-1.1.2.tgz#6cc2b20c5c9ad6ad0dccfd21ca7673d8d7fbf68d"

"@protobufjs/pool@^1.1.0":
  version "1.1.0"
  resolved "https://registry.yarnpkg.com/@protobufjs/pool/-/pool-1.1.0.tgz#09fd15f2d6d3abfa9b65bc366506d6ad7846ff54"

"@protobufjs/utf8@^1.1.0":
  version "1.1.0"
  resolved "https://registry.yarnpkg.com/@protobufjs/utf8/-/utf8-1.1.0.tgz#a777360b5b39a1a2e5106f8e858f2fd2d060c570"

"@types/long@^3.0.31":
  version "3.0.32"
  resolved "https://registry.yarnpkg.com/@types/long/-/long-3.0.32.tgz#f4e5af31e9e9b196d8e5fca8a5e2e20aa3d60b69"

"@types/node@7.0.4":
  version "7.0.4"
  resolved "https://registry.yarnpkg.com/@types/node/-/node-7.0.4.tgz#9aabc135979ded383325749f508894c662948c8b"

acorn@5.1.2:
  version "5.1.2"
  resolved "https://registry.yarnpkg.com/acorn/-/acorn-5.1.2.tgz#911cb53e036807cf0fa778dc5d370fbd864246d7"

any-promise@^1.0.0:
  version "1.3.0"
  resolved "https://registry.yarnpkg.com/any-promise/-/any-promise-1.3.0.tgz#abc6afeedcea52e809cdc0376aed3ce39635d17f"

argparse@^1.0.7:
  version "1.0.9"
  resolved "https://registry.yarnpkg.com/argparse/-/argparse-1.0.9.tgz#73d83bc263f86e97f8cc4f6bae1b0e90a7d22c86"
  dependencies:
    sprintf-js "~1.0.2"

assertion-error@^1.0.1:
  version "1.1.0"
  resolved "https://registry.yarnpkg.com/assertion-error/-/assertion-error-1.1.0.tgz#e60b6b0e8f301bd97e5375215bda406c85118c0b"

async@^2.0.1:
  version "2.6.0"
  resolved "https://registry.yarnpkg.com/async/-/async-2.6.0.tgz#61a29abb6fcc026fea77e56d1c6ec53a795951f4"
  dependencies:
    lodash "^4.14.0"

async@~1.0.0:
  version "1.0.0"
  resolved "https://registry.yarnpkg.com/async/-/async-1.0.0.tgz#f8fc04ca3a13784ade9e1641af98578cfbd647a9"

axios@0.17.1:
  version "0.17.1"
  resolved "https://registry.yarnpkg.com/axios/-/axios-0.17.1.tgz#2d8e3e5d0bdbd7327f91bc814f5c57660f81824d"
  dependencies:
    follow-redirects "^1.2.5"
    is-buffer "^1.1.5"

balanced-match@^1.0.0:
  version "1.0.0"
  resolved "https://registry.yarnpkg.com/balanced-match/-/balanced-match-1.0.0.tgz#89b4d199ab2bee49de164ea02b89ce462d71b767"

bl@^1.0.0:
  version "1.2.1"
  resolved "https://registry.yarnpkg.com/bl/-/bl-1.2.1.tgz#cac328f7bee45730d404b692203fcb590e172d5e"
  dependencies:
    readable-stream "^2.0.5"

bluebird@^3.5.0:
  version "3.5.1"
  resolved "https://registry.yarnpkg.com/bluebird/-/bluebird-3.5.1.tgz#d9551f9de98f1fcda1e683d17ee91a0602ee2eb9"

brace-expansion@^1.0.0, brace-expansion@^1.1.7:
  version "1.1.8"
  resolved "https://registry.yarnpkg.com/brace-expansion/-/brace-expansion-1.1.8.tgz#c07b211c7c952ec1f8efd51a77ef0d1d3990a292"
  dependencies:
    balanced-match "^1.0.0"
    concat-map "0.0.1"

browser-stdout@1.3.0:
  version "1.3.0"
  resolved "https://registry.yarnpkg.com/browser-stdout/-/browser-stdout-1.3.0.tgz#f351d32969d32fa5d7a5567154263d928ae3bd1f"

browserfs@1.1.0:
  version "1.1.0"
  resolved "https://registry.yarnpkg.com/browserfs/-/browserfs-1.1.0.tgz#043f74e0be56e40ed5c51df1d72019ee6fd1fb8b"
  dependencies:
    async "^2.0.1"
    pako "^1.0.0"

browserify-zlib@^0.1.4:
  version "0.1.4"
  resolved "https://registry.yarnpkg.com/browserify-zlib/-/browserify-zlib-0.1.4.tgz#bb35f8a519f600e0fa6b8485241c979d0141fb2d"
  dependencies:
    pako "~0.2.0"

chai-as-promised@^7.1.1:
  version "7.1.1"
  resolved "https://registry.yarnpkg.com/chai-as-promised/-/chai-as-promised-7.1.1.tgz#08645d825deb8696ee61725dbf590c012eb00ca0"
  dependencies:
    check-error "^1.0.2"

chai-things@^0.2.0:
  version "0.2.0"
  resolved "https://registry.yarnpkg.com/chai-things/-/chai-things-0.2.0.tgz#c55128378f9bb399e994f00052151984ed6ebe70"

chai@^4.1.2:
  version "4.1.2"
  resolved "https://registry.yarnpkg.com/chai/-/chai-4.1.2.tgz#0f64584ba642f0f2ace2806279f4f06ca23ad73c"
  dependencies:
    assertion-error "^1.0.1"
    check-error "^1.0.1"
    deep-eql "^3.0.0"
    get-func-name "^2.0.0"
    pathval "^1.0.0"
    type-detect "^4.0.0"

check-error@^1.0.1, check-error@^1.0.2:
  version "1.0.2"
  resolved "https://registry.yarnpkg.com/check-error/-/check-error-1.0.2.tgz#574d312edd88bb5dd8912e9286dd6c0aed4aac82"

chownr@^1.0.1:
  version "1.0.1"
  resolved "https://registry.yarnpkg.com/chownr/-/chownr-1.0.1.tgz#e2a75042a9551908bebd25b8523d5f9769d79181"

cicero-core@^0.2.25, cicero-core@^0.2.26:
  version "0.2.26"
  resolved "https://registry.yarnpkg.com/cicero-core/-/cicero-core-0.2.26.tgz#98aba1c4ff779b29d38d8c291bb730ae5ef249a8"
  dependencies:
    composer-common next-unstable
    config "^1.24.0"
    debug "^2.6.2"
    gunzip-maybe "^1.4.1"
    jszip "^3.1.4"
    minimatch "^3.0.4"
    moment "^2.18.1"
    moo "^0.4.3"
    nearley "^2.11.0"
    request-promise-native "^1.0.5"
    stream-to-string "^1.1.0"
    streamifier "^0.1.1"
    tar-fs "^1.16.0"
    tar-stream "^1.5.5"
    tmp-promise "^1.0.4"
    winston "^2.3.1"

cicero-engine@^0.2.25:
  version "0.2.26"
  resolved "https://registry.yarnpkg.com/cicero-engine/-/cicero-engine-0.2.26.tgz#eabb2f622c5e450f9dddb2b0309662a72139dda2"
  dependencies:
    cicero-core "^0.2.26"
    composer-common next-unstable
    config "^1.24.0"
    debug "^2.6.2"
    moment "^2.18.1"
    nearley "^2.11.0"
    vm2 "^3.5.0"
    winston "^2.3.1"

colors@0.5.x:
  version "0.5.1"
  resolved "https://registry.yarnpkg.com/colors/-/colors-0.5.1.tgz#7d0023eaeb154e8ee9fce75dcb923d0ed1667774"

colors@1.0.x:
  version "1.0.3"
  resolved "https://registry.yarnpkg.com/colors/-/colors-1.0.3.tgz#0433f44d809680fdeb60ed260f1b0c262e82a40b"

commander@2.11.0:
  version "2.11.0"
  resolved "https://registry.yarnpkg.com/commander/-/commander-2.11.0.tgz#157152fd1e7a6c8d98a5b715cf376df928004563"

commander@2.9.0:
  version "2.9.0"
  resolved "https://registry.yarnpkg.com/commander/-/commander-2.9.0.tgz#9c99094176e12240cb22d6c5146098400fe0f7d4"
  dependencies:
    graceful-readlink ">= 1.0.0"

commander@^2.8.1:
  version "2.14.1"
  resolved "https://registry.yarnpkg.com/commander/-/commander-2.14.1.tgz#2235123e37af8ca3c65df45b026dbd357b01b9aa"

comment-parser@0.4.0:
  version "0.4.0"
  resolved "https://registry.yarnpkg.com/comment-parser/-/comment-parser-0.4.0.tgz#b274a3c924b6b2e55768f712acd3e3003cb55f57"
  dependencies:
    readable-stream "^2.0.4"

composer-common@next-unstable:
  version "0.17.4-20180207111536"
  resolved "https://registry.yarnpkg.com/composer-common/-/composer-common-0.17.4-20180207111536.tgz#2084a365ccec551d285efdaad0189e5524945949"
  dependencies:
    acorn "5.1.2"
    axios "0.17.1"
    browserfs "1.1.0"
    commander "2.9.0"
    comment-parser "0.4.0"
    config "1.24.0"
    debug "2.6.2"
    doctrine "2.0.0"
    esprima "3.1.2"
    fs-promise "1.0.0"
    homedir "0.6.0"
    js-yaml "3.10.0"
    jszip "3.1.3"
    left-pad "1.1.3"
    lorem-ipsum "1.0.4"
    minimatch "3.0.3"
    mkdirp "0.5.1"
    node-plantuml "0.5.0"
    protobufjs "6.6.3"
    proxyquire "1.7.11"
    rimraf "2.5.4"
    semver "5.3.0"
    sprintf-js "1.0.3"
    temp "0.8.3"
    thenify "3.2.1"
    thenify-all "1.6.0"
    uri-js "3.0.2"
    uuid "3.0.1"
    winston "2.3.1"

concat-map@0.0.1:
  version "0.0.1"
  resolved "https://registry.yarnpkg.com/concat-map/-/concat-map-0.0.1.tgz#d8a96bd77fd68df7793a73036a3ba0d5405d477b"

config@1.24.0:
  version "1.24.0"
  resolved "https://registry.yarnpkg.com/config/-/config-1.24.0.tgz#553bc4d77637d6630a305b52c33cb6da2b9f42f0"
  dependencies:
    json5 "0.4.0"

config@^1.24.0:
  version "1.29.4"
  resolved "https://registry.yarnpkg.com/config/-/config-1.29.4.tgz#1b42752ed86b363fc4025960569fd74978862a92"
  dependencies:
    json5 "0.4.0"
    os-homedir "1.0.2"

core-js@~2.3.0:
  version "2.3.0"
  resolved "https://registry.yarnpkg.com/core-js/-/core-js-2.3.0.tgz#fab83fbb0b2d8dc85fa636c4b9d34c75420c6d65"

core-util-is@~1.0.0:
  version "1.0.2"
  resolved "https://registry.yarnpkg.com/core-util-is/-/core-util-is-1.0.2.tgz#b5fd54220aa2bc5ab57aab7140c940754503c1a7"

cycle@1.0.x:
  version "1.0.3"
  resolved "https://registry.yarnpkg.com/cycle/-/cycle-1.0.3.tgz#21e80b2be8580f98b468f379430662b046c34ad2"

debug@2.6.2:
  version "2.6.2"
  resolved "https://registry.yarnpkg.com/debug/-/debug-2.6.2.tgz#dfa96a861ee9b8c2f29349b3bcc41aa599a71e0f"
  dependencies:
    ms "0.7.2"

debug@3.1.0, debug@^3.1.0:
  version "3.1.0"
  resolved "https://registry.yarnpkg.com/debug/-/debug-3.1.0.tgz#5bb5a0672628b64149566ba16819e61518c67261"
  dependencies:
    ms "2.0.0"

debug@^2.6.2:
  version "2.6.9"
  resolved "https://registry.yarnpkg.com/debug/-/debug-2.6.9.tgz#5d128515df134ff327e90a4c93f4e077a536341f"
  dependencies:
    ms "2.0.0"

deep-eql@^3.0.0:
  version "3.0.1"
  resolved "https://registry.yarnpkg.com/deep-eql/-/deep-eql-3.0.1.tgz#dfc9404400ad1c8fe023e7da1df1c147c4b444df"
  dependencies:
    type-detect "^4.0.0"

diff@3.3.1:
  version "3.3.1"
  resolved "https://registry.yarnpkg.com/diff/-/diff-3.3.1.tgz#aa8567a6eed03c531fc89d3f711cd0e5259dec75"

discontinuous-range@1.0.0:
  version "1.0.0"
  resolved "https://registry.yarnpkg.com/discontinuous-range/-/discontinuous-range-1.0.0.tgz#e38331f0844bba49b9a9cb71c771585aab1bc65a"

doctrine@2.0.0:
  version "2.0.0"
  resolved "https://registry.yarnpkg.com/doctrine/-/doctrine-2.0.0.tgz#c73d8d2909d22291e1a007a395804da8b665fe63"
  dependencies:
    esutils "^2.0.2"
    isarray "^1.0.0"

duplexify@^3.5.0, duplexify@^3.5.3:
  version "3.5.3"
  resolved "https://registry.yarnpkg.com/duplexify/-/duplexify-3.5.3.tgz#8b5818800df92fd0125b27ab896491912858243e"
  dependencies:
    end-of-stream "^1.0.0"
    inherits "^2.0.1"
    readable-stream "^2.0.0"
    stream-shift "^1.0.0"

end-of-stream@^1.0.0, end-of-stream@^1.1.0:
  version "1.4.1"
  resolved "https://registry.yarnpkg.com/end-of-stream/-/end-of-stream-1.4.1.tgz#ed29634d19baba463b6ce6b80a37213eab71ec43"
  dependencies:
    once "^1.4.0"

es6-promise@~3.0.2:
  version "3.0.2"
  resolved "https://registry.yarnpkg.com/es6-promise/-/es6-promise-3.0.2.tgz#010d5858423a5f118979665f46486a95c6ee2bb6"

escape-string-regexp@1.0.5:
  version "1.0.5"
  resolved "https://registry.yarnpkg.com/escape-string-regexp/-/escape-string-regexp-1.0.5.tgz#1b61c0562190a8dff6ae3bb2cf0200ca130b86d4"

esprima@3.1.2:
  version "3.1.2"
  resolved "https://registry.yarnpkg.com/esprima/-/esprima-3.1.2.tgz#954b5d19321ca436092fa90f06d6798531fe8184"

esprima@^4.0.0:
  version "4.0.0"
  resolved "https://registry.yarnpkg.com/esprima/-/esprima-4.0.0.tgz#4499eddcd1110e0b218bacf2fa7f7f59f55ca804"

esutils@^2.0.2:
  version "2.0.2"
  resolved "https://registry.yarnpkg.com/esutils/-/esutils-2.0.2.tgz#0abf4f1caa5bcb1f7a9d8acc6dea4faaa04bac9b"

eyes@0.1.x:
  version "0.1.8"
  resolved "https://registry.yarnpkg.com/eyes/-/eyes-0.1.8.tgz#62cf120234c683785d902348a800ef3e0cc20bc0"

fill-keys@^1.0.2:
  version "1.0.2"
  resolved "https://registry.yarnpkg.com/fill-keys/-/fill-keys-1.0.2.tgz#9a8fa36f4e8ad634e3bf6b4f3c8882551452eb20"
  dependencies:
    is-object "~1.0.1"
    merge-descriptors "~1.0.0"

follow-redirects@^1.2.5:
  version "1.4.1"
  resolved "https://registry.yarnpkg.com/follow-redirects/-/follow-redirects-1.4.1.tgz#d8120f4518190f55aac65bb6fc7b85fcd666d6aa"
  dependencies:
    debug "^3.1.0"

fs-extra@^1.0.0:
  version "1.0.0"
  resolved "https://registry.yarnpkg.com/fs-extra/-/fs-extra-1.0.0.tgz#cd3ce5f7e7cb6145883fcae3191e9877f8587950"
  dependencies:
    graceful-fs "^4.1.2"
    jsonfile "^2.1.0"
    klaw "^1.0.0"

fs-promise@1.0.0:
  version "1.0.0"
  resolved "https://registry.yarnpkg.com/fs-promise/-/fs-promise-1.0.0.tgz#4246a4cd45497d2ed57e6e4b22167d3864b23679"
  dependencies:
    any-promise "^1.0.0"
    fs-extra "^1.0.0"
    mz "^2.3.1"
    thenify-all "^1.6.0"

fs.realpath@^1.0.0:
  version "1.0.0"
  resolved "https://registry.yarnpkg.com/fs.realpath/-/fs.realpath-1.0.0.tgz#1504ad2523158caa40db4a2787cb01411994ea4f"

get-func-name@^2.0.0:
  version "2.0.0"
  resolved "https://registry.yarnpkg.com/get-func-name/-/get-func-name-2.0.0.tgz#ead774abee72e20409433a066366023dd6887a41"

glob@7.1.2, glob@^7.0.5:
  version "7.1.2"
  resolved "https://registry.yarnpkg.com/glob/-/glob-7.1.2.tgz#c19c9df9a028702d678612384a6552404c636d15"
  dependencies:
    fs.realpath "^1.0.0"
    inflight "^1.0.4"
    inherits "2"
    minimatch "^3.0.4"
    once "^1.3.0"
    path-is-absolute "^1.0.0"

graceful-fs@^4.1.2, graceful-fs@^4.1.6, graceful-fs@^4.1.9:
  version "4.1.11"
  resolved "https://registry.yarnpkg.com/graceful-fs/-/graceful-fs-4.1.11.tgz#0e8bdfe4d1ddb8854d64e04ea7c00e2a026e5658"

"graceful-readlink@>= 1.0.0":
  version "1.0.1"
  resolved "https://registry.yarnpkg.com/graceful-readlink/-/graceful-readlink-1.0.1.tgz#4cafad76bc62f02fa039b2f94e9a3dd3a391a725"

growl@1.10.3:
  version "1.10.3"
  resolved "https://registry.yarnpkg.com/growl/-/growl-1.10.3.tgz#1926ba90cf3edfe2adb4927f5880bc22c66c790f"

gunzip-maybe@^1.4.1:
  version "1.4.1"
  resolved "https://registry.yarnpkg.com/gunzip-maybe/-/gunzip-maybe-1.4.1.tgz#39c72ed89d1b49ba708e18776500488902a52027"
  dependencies:
    browserify-zlib "^0.1.4"
    is-deflate "^1.0.0"
    is-gzip "^1.0.0"
    peek-stream "^1.1.0"
    pumpify "^1.3.3"
    through2 "^2.0.3"

has-flag@^2.0.0:
  version "2.0.0"
  resolved "https://registry.yarnpkg.com/has-flag/-/has-flag-2.0.0.tgz#e8207af1cc7b30d446cc70b734b5e8be18f88d51"

he@1.1.1:
  version "1.1.1"
  resolved "https://registry.yarnpkg.com/he/-/he-1.1.1.tgz#93410fd21b009735151f8868c2f271f3427e23fd"

homedir@0.6.0:
  version "0.6.0"
  resolved "https://registry.yarnpkg.com/homedir/-/homedir-0.6.0.tgz#2b21db66bf08a6db38249a3eff52d7d18706af1e"

immediate@~3.0.5:
  version "3.0.6"
  resolved "https://registry.yarnpkg.com/immediate/-/immediate-3.0.6.tgz#9db1dbd0faf8de6fbe0f5dd5e56bb606280de69b"

inflight@^1.0.4:
  version "1.0.6"
  resolved "https://registry.yarnpkg.com/inflight/-/inflight-1.0.6.tgz#49bd6331d7d02d0c09bc910a1075ba8165b56df9"
  dependencies:
    once "^1.3.0"
    wrappy "1"

inherits@2, inherits@^2.0.1, inherits@^2.0.3, inherits@~2.0.1, inherits@~2.0.3:
  version "2.0.3"
  resolved "https://registry.yarnpkg.com/inherits/-/inherits-2.0.3.tgz#633c2c83e3da42a502f52466022480f4208261de"

is-buffer@^1.1.5:
  version "1.1.6"
  resolved "https://registry.yarnpkg.com/is-buffer/-/is-buffer-1.1.6.tgz#efaa2ea9daa0d7ab2ea13a97b2b8ad51fefbe8be"

is-deflate@^1.0.0:
  version "1.0.0"
  resolved "https://registry.yarnpkg.com/is-deflate/-/is-deflate-1.0.0.tgz#c862901c3c161fb09dac7cdc7e784f80e98f2f14"

is-gzip@^1.0.0:
  version "1.0.0"
  resolved "https://registry.yarnpkg.com/is-gzip/-/is-gzip-1.0.0.tgz#6ca8b07b99c77998025900e555ced8ed80879a83"

is-object@~1.0.1:
  version "1.0.1"
  resolved "https://registry.yarnpkg.com/is-object/-/is-object-1.0.1.tgz#8952688c5ec2ffd6b03ecc85e769e02903083470"

isarray@^1.0.0, isarray@~1.0.0:
  version "1.0.0"
  resolved "https://registry.yarnpkg.com/isarray/-/isarray-1.0.0.tgz#bb935d48582cba168c06834957a54a3e07124f11"

isstream@0.1.x:
  version "0.1.2"
  resolved "https://registry.yarnpkg.com/isstream/-/isstream-0.1.2.tgz#47e63f7af55afa6f92e1500e690eb8b8529c099a"

js-yaml@3.10.0:
  version "3.10.0"
  resolved "https://registry.yarnpkg.com/js-yaml/-/js-yaml-3.10.0.tgz#2e78441646bd4682e963f22b6e92823c309c62dc"
  dependencies:
    argparse "^1.0.7"
    esprima "^4.0.0"

json5@0.4.0:
  version "0.4.0"
  resolved "https://registry.yarnpkg.com/json5/-/json5-0.4.0.tgz#054352e4c4c80c86c0923877d449de176a732c8d"

jsonfile@^2.1.0:
  version "2.4.0"
  resolved "https://registry.yarnpkg.com/jsonfile/-/jsonfile-2.4.0.tgz#3736a2b428b87bbda0cc83b53fa3d633a35c2ae8"
  optionalDependencies:
    graceful-fs "^4.1.6"

jszip@3.1.3:
  version "3.1.3"
  resolved "https://registry.yarnpkg.com/jszip/-/jszip-3.1.3.tgz#8a920403b2b1651c0fc126be90192d9080957c37"
  dependencies:
    core-js "~2.3.0"
    es6-promise "~3.0.2"
    lie "~3.1.0"
    pako "~1.0.2"
    readable-stream "~2.0.6"

jszip@^3.1.4:
  version "3.1.5"
  resolved "https://registry.yarnpkg.com/jszip/-/jszip-3.1.5.tgz#e3c2a6c6d706ac6e603314036d43cd40beefdf37"
  dependencies:
    core-js "~2.3.0"
    es6-promise "~3.0.2"
    lie "~3.1.0"
    pako "~1.0.2"
    readable-stream "~2.0.6"

klaw@^1.0.0:
  version "1.3.1"
  resolved "https://registry.yarnpkg.com/klaw/-/klaw-1.3.1.tgz#4088433b46b3b1ba259d78785d8e96f73ba02439"
  optionalDependencies:
    graceful-fs "^4.1.9"

left-pad@1.1.3:
  version "1.1.3"
  resolved "https://registry.yarnpkg.com/left-pad/-/left-pad-1.1.3.tgz#612f61c033f3a9e08e939f1caebeea41b6f3199a"

lie@~3.1.0:
  version "3.1.1"
  resolved "https://registry.yarnpkg.com/lie/-/lie-3.1.1.tgz#9a436b2cc7746ca59de7a41fa469b3efb76bd87e"
  dependencies:
    immediate "~3.0.5"

lodash@^4.13.1, lodash@^4.14.0:
  version "4.17.5"
  resolved "https://registry.yarnpkg.com/lodash/-/lodash-4.17.5.tgz#99a92d65c0272debe8c96b6057bc8fbfa3bed511"

long@^3.2.0:
  version "3.2.0"
  resolved "https://registry.yarnpkg.com/long/-/long-3.2.0.tgz#d821b7138ca1cb581c172990ef14db200b5c474b"

lorem-ipsum@1.0.4:
  version "1.0.4"
  resolved "https://registry.yarnpkg.com/lorem-ipsum/-/lorem-ipsum-1.0.4.tgz#30b72a3b1e191f55062af8c7dfab291ae4fbd912"
  dependencies:
    optimist "~0.3.5"

merge-descriptors@~1.0.0:
  version "1.0.1"
  resolved "https://registry.yarnpkg.com/merge-descriptors/-/merge-descriptors-1.0.1.tgz#b00aaa556dd8b44568150ec9d1b953f3f90cbb61"

minimatch@3.0.3:
  version "3.0.3"
  resolved "https://registry.yarnpkg.com/minimatch/-/minimatch-3.0.3.tgz#2a4e4090b96b2db06a9d7df01055a62a77c9b774"
  dependencies:
    brace-expansion "^1.0.0"

minimatch@^3.0.4:
  version "3.0.4"
  resolved "https://registry.yarnpkg.com/minimatch/-/minimatch-3.0.4.tgz#5166e286457f03306064be5497e8dbb0c3d32083"
  dependencies:
    brace-expansion "^1.1.7"

minimist@0.0.8:
  version "0.0.8"
  resolved "https://registry.yarnpkg.com/minimist/-/minimist-0.0.8.tgz#857fcabfc3397d2625b8228262e86aa7a011b05d"

mkdirp@0.5.1, mkdirp@^0.5.1:
  version "0.5.1"
  resolved "https://registry.yarnpkg.com/mkdirp/-/mkdirp-0.5.1.tgz#30057438eac6cf7f8c4767f38648d6697d75c903"
  dependencies:
    minimist "0.0.8"

mocha@^4.0.1:
  version "4.1.0"
  resolved "https://registry.yarnpkg.com/mocha/-/mocha-4.1.0.tgz#7d86cfbcf35cb829e2754c32e17355ec05338794"
  dependencies:
    browser-stdout "1.3.0"
    commander "2.11.0"
    debug "3.1.0"
    diff "3.3.1"
    escape-string-regexp "1.0.5"
    glob "7.1.2"
    growl "1.10.3"
    he "1.1.1"
    mkdirp "0.5.1"
    supports-color "4.4.0"

module-not-found-error@^1.0.0:
  version "1.0.1"
  resolved "https://registry.yarnpkg.com/module-not-found-error/-/module-not-found-error-1.0.1.tgz#cf8b4ff4f29640674d6cdd02b0e3bc523c2bbdc0"

moment@^2.18.1, moment@^2.19.2:
  version "2.20.1"
  resolved "https://registry.yarnpkg.com/moment/-/moment-2.20.1.tgz#d6eb1a46cbcc14a2b2f9434112c1ff8907f313fd"

moo@^0.4.3:
  version "0.4.3"
  resolved "https://registry.yarnpkg.com/moo/-/moo-0.4.3.tgz#3f847a26f31cf625a956a87f2b10fbc013bfd10e"

ms@0.7.2:
  version "0.7.2"
  resolved "https://registry.yarnpkg.com/ms/-/ms-0.7.2.tgz#ae25cf2512b3885a1d95d7f037868d8431124765"

ms@2.0.0:
  version "2.0.0"
  resolved "https://registry.yarnpkg.com/ms/-/ms-2.0.0.tgz#5608aeadfc00be6c2901df5f9861788de0d597c8"

mz@^2.3.1:
  version "2.7.0"
  resolved "https://registry.yarnpkg.com/mz/-/mz-2.7.0.tgz#95008057a56cafadc2bc63dde7f9ff6955948e32"
  dependencies:
    any-promise "^1.0.0"
    object-assign "^4.0.1"
    thenify-all "^1.0.0"

nearley@^2.11.0:
  version "2.11.0"
  resolved "https://registry.yarnpkg.com/nearley/-/nearley-2.11.0.tgz#5e626c79a6cd2f6ab9e7e5d5805e7668967757ae"
  dependencies:
    nomnom "~1.6.2"
    railroad-diagrams "^1.0.0"
    randexp "^0.4.2"

node-nailgun-client@^0.1.0:
  version "0.1.0"
  resolved "https://registry.yarnpkg.com/node-nailgun-client/-/node-nailgun-client-0.1.0.tgz#b6424db0603781a193f367385e2d615ca6df20b2"
  dependencies:
    commander "^2.8.1"

node-nailgun-server@^0.1.3:
  version "0.1.3"
  resolved "https://registry.yarnpkg.com/node-nailgun-server/-/node-nailgun-server-0.1.3.tgz#a650918e48615c8d7c4d2393db67316e5ad012f1"
  dependencies:
    commander "^2.8.1"

node-plantuml@0.5.0:
  version "0.5.0"
  resolved "https://registry.yarnpkg.com/node-plantuml/-/node-plantuml-0.5.0.tgz#03c2ed856e6b272c714a1568453a747c266fdc1f"
  dependencies:
    commander "^2.8.1"
    node-nailgun-client "^0.1.0"
    node-nailgun-server "^0.1.3"
    plantuml-encoder "^1.2.4"

nomnom@~1.6.2:
  version "1.6.2"
  resolved "https://registry.yarnpkg.com/nomnom/-/nomnom-1.6.2.tgz#84a66a260174408fc5b77a18f888eccc44fb6971"
  dependencies:
    colors "0.5.x"
    underscore "~1.4.4"

object-assign@^4.0.1:
  version "4.1.1"
  resolved "https://registry.yarnpkg.com/object-assign/-/object-assign-4.1.1.tgz#2109adc7965887cfc05cbbd442cac8bfbb360863"

once@^1.3.0, once@^1.3.1, once@^1.4.0:
  version "1.4.0"
  resolved "https://registry.yarnpkg.com/once/-/once-1.4.0.tgz#583b1aa775961d4b113ac17d9c50baef9dd76bd1"
  dependencies:
    wrappy "1"

optimist@~0.3.5:
  version "0.3.7"
  resolved "https://registry.yarnpkg.com/optimist/-/optimist-0.3.7.tgz#c90941ad59e4273328923074d2cf2e7cbc6ec0d9"
  dependencies:
    wordwrap "~0.0.2"

os-homedir@1.0.2:
  version "1.0.2"
  resolved "https://registry.yarnpkg.com/os-homedir/-/os-homedir-1.0.2.tgz#ffbc4988336e0e833de0c168c7ef152121aa7fb3"

os-tmpdir@^1.0.0, os-tmpdir@~1.0.2:
  version "1.0.2"
  resolved "https://registry.yarnpkg.com/os-tmpdir/-/os-tmpdir-1.0.2.tgz#bbe67406c79aa85c5cfec766fe5734555dfa1274"

pako@1.0.3:
  version "1.0.3"
  resolved "https://registry.yarnpkg.com/pako/-/pako-1.0.3.tgz#5f515b0c6722e1982920ae8005eacb0b7ca73ccf"

pako@^1.0.0, pako@~1.0.2:
  version "1.0.6"
  resolved "https://registry.yarnpkg.com/pako/-/pako-1.0.6.tgz#0101211baa70c4bca4a0f63f2206e97b7dfaf258"

pako@~0.2.0:
  version "0.2.9"
  resolved "https://registry.yarnpkg.com/pako/-/pako-0.2.9.tgz#f3f7522f4ef782348da8161bad9ecfd51bf83a75"

path-is-absolute@^1.0.0:
  version "1.0.1"
  resolved "https://registry.yarnpkg.com/path-is-absolute/-/path-is-absolute-1.0.1.tgz#174b9268735534ffbc7ace6bf53a5a9e1b5c5f5f"

pathval@^1.0.0:
  version "1.1.0"
  resolved "https://registry.yarnpkg.com/pathval/-/pathval-1.1.0.tgz#b942e6d4bde653005ef6b71361def8727d0645e0"

peek-stream@^1.1.0:
  version "1.1.2"
  resolved "https://registry.yarnpkg.com/peek-stream/-/peek-stream-1.1.2.tgz#97eb76365bcfd8c89e287f55c8b69d4c3e9bcc52"
  dependencies:
    duplexify "^3.5.0"
    through2 "^2.0.3"

plantuml-encoder@^1.2.4:
  version "1.2.5"
  resolved "https://registry.yarnpkg.com/plantuml-encoder/-/plantuml-encoder-1.2.5.tgz#6b8e5b9e1a1dbd88b3fd9fb46f734eec7d44b548"
  dependencies:
    pako "1.0.3"
    utf8-bytes "0.0.1"

process-nextick-args@~1.0.6:
  version "1.0.7"
  resolved "https://registry.yarnpkg.com/process-nextick-args/-/process-nextick-args-1.0.7.tgz#150e20b756590ad3f91093f25a4f2ad8bff30ba3"

promise-polyfill@^1.1.6:
  version "1.1.6"
  resolved "https://registry.yarnpkg.com/promise-polyfill/-/promise-polyfill-1.1.6.tgz#cd04eff46f5c95c3a7d045591d79b5e3e01f12d7"

protobufjs@6.6.3:
  version "6.6.3"
  resolved "https://registry.yarnpkg.com/protobufjs/-/protobufjs-6.6.3.tgz#ee7388dd945e810ce738dcb65bfd09fa47aa4993"
  dependencies:
    "@protobufjs/aspromise" "^1.1.1"
    "@protobufjs/base64" "^1.1.1"
    "@protobufjs/codegen" "^1.0.8"
    "@protobufjs/eventemitter" "^1.1.0"
    "@protobufjs/fetch" "^1.1.0"
    "@protobufjs/inquire" "^1.1.0"
    "@protobufjs/path" "^1.1.1"
    "@protobufjs/pool" "^1.1.0"
    "@protobufjs/utf8" "^1.1.0"
    "@types/node" "7.0.4"
  optionalDependencies:
    "@types/long" "^3.0.31"
    long "^3.2.0"

proxyquire@1.7.11:
  version "1.7.11"
  resolved "https://registry.yarnpkg.com/proxyquire/-/proxyquire-1.7.11.tgz#13b494eb1e71fb21cc3ebe3699e637d3bec1af9e"
  dependencies:
    fill-keys "^1.0.2"
    module-not-found-error "^1.0.0"
    resolve "~1.1.7"

pump@^1.0.0:
  version "1.0.3"
  resolved "https://registry.yarnpkg.com/pump/-/pump-1.0.3.tgz#5dfe8311c33bbf6fc18261f9f34702c47c08a954"
  dependencies:
    end-of-stream "^1.1.0"
    once "^1.3.1"

pump@^2.0.0:
  version "2.0.1"
  resolved "https://registry.yarnpkg.com/pump/-/pump-2.0.1.tgz#12399add6e4cf7526d973cbc8b5ce2e2908b3909"
  dependencies:
    end-of-stream "^1.1.0"
    once "^1.3.1"

pumpify@^1.3.3:
  version "1.4.0"
  resolved "https://registry.yarnpkg.com/pumpify/-/pumpify-1.4.0.tgz#80b7c5df7e24153d03f0e7ac8a05a5d068bd07fb"
  dependencies:
    duplexify "^3.5.3"
    inherits "^2.0.3"
    pump "^2.0.0"

punycode@^1.4.1:
  version "1.4.1"
  resolved "https://registry.yarnpkg.com/punycode/-/punycode-1.4.1.tgz#c0d5a63b2718800ad8e1eb0fa5269c84dd41845e"

punycode@^2.1.0:
  version "2.1.0"
  resolved "https://registry.yarnpkg.com/punycode/-/punycode-2.1.0.tgz#5f863edc89b96db09074bad7947bf09056ca4e7d"

railroad-diagrams@^1.0.0:
  version "1.0.0"
  resolved "https://registry.yarnpkg.com/railroad-diagrams/-/railroad-diagrams-1.0.0.tgz#eb7e6267548ddedfb899c1b90e57374559cddb7e"

randexp@^0.4.2:
  version "0.4.6"
  resolved "https://registry.yarnpkg.com/randexp/-/randexp-0.4.6.tgz#e986ad5e5e31dae13ddd6f7b3019aa7c87f60ca3"
  dependencies:
    discontinuous-range "1.0.0"
    ret "~0.1.10"

readable-stream@^2.0.0, readable-stream@^2.0.4, readable-stream@^2.0.5, readable-stream@^2.1.5:
  version "2.3.3"
  resolved "https://registry.yarnpkg.com/readable-stream/-/readable-stream-2.3.3.tgz#368f2512d79f9d46fdfc71349ae7878bbc1eb95c"
  dependencies:
    core-util-is "~1.0.0"
    inherits "~2.0.3"
    isarray "~1.0.0"
    process-nextick-args "~1.0.6"
    safe-buffer "~5.1.1"
    string_decoder "~1.0.3"
    util-deprecate "~1.0.1"

readable-stream@~2.0.6:
  version "2.0.6"
  resolved "https://registry.yarnpkg.com/readable-stream/-/readable-stream-2.0.6.tgz#8f90341e68a53ccc928788dacfcd11b36eb9b78e"
  dependencies:
    core-util-is "~1.0.0"
    inherits "~2.0.1"
    isarray "~1.0.0"
    process-nextick-args "~1.0.6"
    string_decoder "~0.10.x"
    util-deprecate "~1.0.1"

request-promise-core@1.1.1:
  version "1.1.1"
  resolved "https://registry.yarnpkg.com/request-promise-core/-/request-promise-core-1.1.1.tgz#3eee00b2c5aa83239cfb04c5700da36f81cd08b6"
  dependencies:
    lodash "^4.13.1"

request-promise-native@^1.0.5:
  version "1.0.5"
  resolved "https://registry.yarnpkg.com/request-promise-native/-/request-promise-native-1.0.5.tgz#5281770f68e0c9719e5163fd3fab482215f4fda5"
  dependencies:
    request-promise-core "1.1.1"
    stealthy-require "^1.1.0"
    tough-cookie ">=2.3.3"

resolve@~1.1.7:
  version "1.1.7"
  resolved "https://registry.yarnpkg.com/resolve/-/resolve-1.1.7.tgz#203114d82ad2c5ed9e8e0411b3932875e889e97b"

ret@~0.1.10:
  version "0.1.15"
  resolved "https://registry.yarnpkg.com/ret/-/ret-0.1.15.tgz#b8a4825d5bdb1fc3f6f53c2bc33f81388681c7bc"

rimraf@2.5.4:
  version "2.5.4"
  resolved "https://registry.yarnpkg.com/rimraf/-/rimraf-2.5.4.tgz#96800093cbf1a0c86bd95b4625467535c29dfa04"
  dependencies:
    glob "^7.0.5"

rimraf@~2.2.6:
  version "2.2.8"
  resolved "https://registry.yarnpkg.com/rimraf/-/rimraf-2.2.8.tgz#e439be2aaee327321952730f99a8929e4fc50582"

safe-buffer@~5.1.0, safe-buffer@~5.1.1:
  version "5.1.1"
  resolved "https://registry.yarnpkg.com/safe-buffer/-/safe-buffer-5.1.1.tgz#893312af69b2123def71f57889001671eeb2c853"

semver@5.3.0:
  version "5.3.0"
  resolved "https://registry.yarnpkg.com/semver/-/semver-5.3.0.tgz#9b2ce5d3de02d17c6012ad326aa6b4d0cf54f94f"

sprintf-js@1.0.3, sprintf-js@~1.0.2:
  version "1.0.3"
  resolved "https://registry.yarnpkg.com/sprintf-js/-/sprintf-js-1.0.3.tgz#04e6926f662895354f3dd015203633b857297e2c"

stack-trace@0.0.x:
  version "0.0.10"
  resolved "https://registry.yarnpkg.com/stack-trace/-/stack-trace-0.0.10.tgz#547c70b347e8d32b4e108ea1a2a159e5fdde19c0"

stealthy-require@^1.1.0:
  version "1.1.1"
  resolved "https://registry.yarnpkg.com/stealthy-require/-/stealthy-require-1.1.1.tgz#35b09875b4ff49f26a777e509b3090a3226bf24b"

stream-shift@^1.0.0:
  version "1.0.0"
  resolved "https://registry.yarnpkg.com/stream-shift/-/stream-shift-1.0.0.tgz#d5c752825e5367e786f78e18e445ea223a155952"

stream-to-string@^1.1.0:
  version "1.1.0"
  resolved "https://registry.yarnpkg.com/stream-to-string/-/stream-to-string-1.1.0.tgz#39210b01317e6abb35e854538e013037b6a35940"
  dependencies:
    promise-polyfill "^1.1.6"

streamifier@^0.1.1:
  version "0.1.1"
  resolved "https://registry.yarnpkg.com/streamifier/-/streamifier-0.1.1.tgz#97e98d8fa4d105d62a2691d1dc07e820db8dfc4f"

string_decoder@~0.10.x:
  version "0.10.31"
  resolved "https://registry.yarnpkg.com/string_decoder/-/string_decoder-0.10.31.tgz#62e203bc41766c6c28c9fc84301dab1c5310fa94"

string_decoder@~1.0.3:
  version "1.0.3"
  resolved "https://registry.yarnpkg.com/string_decoder/-/string_decoder-1.0.3.tgz#0fc67d7c141825de94282dd536bec6b9bce860ab"
  dependencies:
    safe-buffer "~5.1.0"

supports-color@4.4.0:
  version "4.4.0"
  resolved "https://registry.yarnpkg.com/supports-color/-/supports-color-4.4.0.tgz#883f7ddabc165142b2a61427f3352ded195d1a3e"
  dependencies:
    has-flag "^2.0.0"

tar-fs@^1.16.0:
  version "1.16.0"
  resolved "https://registry.yarnpkg.com/tar-fs/-/tar-fs-1.16.0.tgz#e877a25acbcc51d8c790da1c57c9cf439817b896"
  dependencies:
    chownr "^1.0.1"
    mkdirp "^0.5.1"
    pump "^1.0.0"
    tar-stream "^1.1.2"

tar-stream@^1.1.2, tar-stream@^1.5.5:
  version "1.5.5"
  resolved "https://registry.yarnpkg.com/tar-stream/-/tar-stream-1.5.5.tgz#5cad84779f45c83b1f2508d96b09d88c7218af55"
  dependencies:
    bl "^1.0.0"
    end-of-stream "^1.0.0"
    readable-stream "^2.0.0"
    xtend "^4.0.0"

temp@0.8.3:
  version "0.8.3"
  resolved "https://registry.yarnpkg.com/temp/-/temp-0.8.3.tgz#e0c6bc4d26b903124410e4fed81103014dfc1f59"
  dependencies:
    os-tmpdir "^1.0.0"
    rimraf "~2.2.6"

thenify-all@1.6.0, thenify-all@^1.0.0, thenify-all@^1.6.0:
  version "1.6.0"
  resolved "https://registry.yarnpkg.com/thenify-all/-/thenify-all-1.6.0.tgz#1a1918d402d8fc3f98fbf234db0bcc8cc10e9726"
  dependencies:
    thenify ">= 3.1.0 < 4"

thenify@3.2.1:
  version "3.2.1"
  resolved "https://registry.yarnpkg.com/thenify/-/thenify-3.2.1.tgz#251fd1c80aff6e5cf57cb179ab1fcb724269bd11"
  dependencies:
    any-promise "^1.0.0"

"thenify@>= 3.1.0 < 4":
  version "3.3.0"
  resolved "https://registry.yarnpkg.com/thenify/-/thenify-3.3.0.tgz#e69e38a1babe969b0108207978b9f62b88604839"
  dependencies:
    any-promise "^1.0.0"

through2@^2.0.3:
  version "2.0.3"
  resolved "https://registry.yarnpkg.com/through2/-/through2-2.0.3.tgz#0004569b37c7c74ba39c43f3ced78d1ad94140be"
  dependencies:
    readable-stream "^2.1.5"
    xtend "~4.0.1"

tmp-promise@^1.0.4:
  version "1.0.4"
  resolved "https://registry.yarnpkg.com/tmp-promise/-/tmp-promise-1.0.4.tgz#cfe2131b78392992e756d8692a059dc4b48be7ac"
  dependencies:
    bluebird "^3.5.0"
    tmp "0.0.33"

tmp@0.0.33:
  version "0.0.33"
  resolved "https://registry.yarnpkg.com/tmp/-/tmp-0.0.33.tgz#6d34335889768d21b2bcda0aa277ced3b1bfadf9"
  dependencies:
    os-tmpdir "~1.0.2"

tough-cookie@>=2.3.3:
  version "2.3.3"
  resolved "https://registry.yarnpkg.com/tough-cookie/-/tough-cookie-2.3.3.tgz#0b618a5565b6dea90bf3425d04d55edc475a7561"
  dependencies:
    punycode "^1.4.1"

type-detect@^4.0.0:
  version "4.0.8"
  resolved "https://registry.yarnpkg.com/type-detect/-/type-detect-4.0.8.tgz#7646fb5f18871cfbb7749e69bd39a6388eb7450c"

underscore@~1.4.4:
  version "1.4.4"
  resolved "https://registry.yarnpkg.com/underscore/-/underscore-1.4.4.tgz#61a6a32010622afa07963bf325203cf12239d604"

uri-js@3.0.2:
  version "3.0.2"
  resolved "https://registry.yarnpkg.com/uri-js/-/uri-js-3.0.2.tgz#f90b858507f81dea4dcfbb3c4c3dbfa2b557faaa"
  dependencies:
    punycode "^2.1.0"

utf8-bytes@0.0.1:
  version "0.0.1"
  resolved "https://registry.yarnpkg.com/utf8-bytes/-/utf8-bytes-0.0.1.tgz#116b025448c9b500081cdfbf1f4d6c6c37d8837d"

util-deprecate@~1.0.1:
  version "1.0.2"
  resolved "https://registry.yarnpkg.com/util-deprecate/-/util-deprecate-1.0.2.tgz#450d4dc9fa70de732762fbd2d4a28981419a0ccf"

uuid@3.0.1:
  version "3.0.1"
  resolved "https://registry.yarnpkg.com/uuid/-/uuid-3.0.1.tgz#6544bba2dfda8c1cf17e629a3a305e2bb1fee6c1"

vm2@^3.5.0:
  version "3.5.2"
  resolved "https://registry.yarnpkg.com/vm2/-/vm2-3.5.2.tgz#6ae7c75a867775946e1d4a66623374e0245150e0"

winston@2.3.1:
  version "2.3.1"
  resolved "https://registry.yarnpkg.com/winston/-/winston-2.3.1.tgz#0b48420d978c01804cf0230b648861598225a119"
  dependencies:
    async "~1.0.0"
    colors "1.0.x"
    cycle "1.0.x"
    eyes "0.1.x"
    isstream "0.1.x"
    stack-trace "0.0.x"

winston@^2.3.1:
  version "2.4.0"
  resolved "https://registry.yarnpkg.com/winston/-/winston-2.4.0.tgz#808050b93d52661ed9fb6c26b3f0c826708b0aee"
  dependencies:
    async "~1.0.0"
    colors "1.0.x"
    cycle "1.0.x"
    eyes "0.1.x"
    isstream "0.1.x"
    stack-trace "0.0.x"

wordwrap@~0.0.2:
  version "0.0.3"
  resolved "https://registry.yarnpkg.com/wordwrap/-/wordwrap-0.0.3.tgz#a3d5da6cd5c0bc0008d37234bbaf1bed63059107"

wrappy@1:
  version "1.0.2"
  resolved "https://registry.yarnpkg.com/wrappy/-/wrappy-1.0.2.tgz#b5243d8f3ec1aa35f1364605bc0d1036e30ab69f"

xtend@^4.0.0, xtend@~4.0.1:
  version "4.0.1"
  resolved "https://registry.yarnpkg.com/xtend/-/xtend-4.0.1.tgz#a5c6d532be656e23db820efb943a1f04998d63af"
